
Microsoft Visual Studio Solution File, Format Version 12.00
# Visual Studio Version 17
VisualStudioVersion = 17.8.34309.116
MinimumVisualStudioVersion = 10.0.40219.1
Project("{FAE04EC0-301F-11D3-BF4B-00C04F79EFBC}") = "LAbs_cz", "LAbs_cz\LAbs_cz.csproj", "{95CE9AD6-FFA2-4B8F-9173-48F876281ED3}"
EndProject
Global
	GlobalSection(SolutionConfigurationPlatforms) = preSolution
		Debug|Any CPU = Debug|Any CPU
		Release|Any CPU = Release|Any CPU
	EndGlobalSection
	GlobalSection(ProjectConfigurationPlatforms) = postSolution
		{95CE9AD6-FFA2-4B8F-9173-48F876281ED3}.Debug|Any CPU.ActiveCfg = Debug|Any CPU
		{95CE9AD6-FFA2-4B8F-9173-48F876281ED3}.Debug|Any CPU.Build.0 = Debug|Any CPU
		{95CE9AD6-FFA2-4B8F-9173-48F876281ED3}.Release|Any CPU.ActiveCfg = Release|Any CPU
		{95CE9AD6-FFA2-4B8F-9173-48F876281ED3}.Release|Any CPU.Build.0 = Release|Any CPU
	EndGlobalSection
	GlobalSection(SolutionProperties) = preSolution
		HideSolutionNode = FALSE
	EndGlobalSection
	GlobalSection(ExtensibilityGlobals) = postSolution
		SolutionGuid = {925BEB2E-A392-4BCA-9A0E-4CFF8998B466}
	EndGlobalSection
EndGlobal
